<?xml version="1.0" encoding="utf-8"?>
<Project ToolsVersion="4.0" xmlns="http://schemas.microsoft.com/developer/msbuild/2003">
  <ItemGroup>
    <Filter Include="Source Files">
      <UniqueIdentifier>{4FC737F1-C7A5-4376-A066-2A32D752A2FF}</UniqueIdentifier>
      <Extensions>cpp;c;cc;cxx;def;odl;idl;hpj;bat;asm;asmx</Extensions>
    </Filter>
    <Filter Include="Header Files">
      <UniqueIdentifier>{93995380-89BD-4b04-88EB-625FBE52EBFB}</UniqueIdentifier>
      <Extensions>h;hh;hpp;hxx;hm;inl;inc;xsd</Extensions>
    </Filter>
    <Filter Include="Resource Files">
      <UniqueIdentifier>{67DA6AB6-F800-4c08-8B7A-83BB121AAD01}</UniqueIdentifier>
      <Extensions>rc;ico;cur;bmp;dlg;rc2;rct;bin;rgs;gif;jpg;jpeg;jpe;resx;tiff;tif;png;wav;mfcribbon-ms</Extensions>
    </Filter>
  </ItemGroup>
  <ItemGroup>
    <Text Include="ReadMe.txt" />
    <Text Include="..\czmq\src\foreign\slre\readme.txt" />
  </ItemGroup>
  <ItemGroup>
    <ClInclude Include="..\czmq\include\czmq.h">
      <Filter>Header Files</Filter>
    </ClInclude>
    <ClInclude Include="..\czmq\include\czmq_library.h">
      <Filter>Header Files</Filter>
    </ClInclude>
    <ClInclude Include="..\czmq\include\czmq_prelude.h">
      <Filter>Header Files</Filter>
    </ClInclude>
    <ClInclude Include="..\czmq\builds\msvc\platform.h">
      <Filter>Header Files</Filter>
    </ClInclude>
    <ClInclude Include="..\czmq\builds\msvc\resource.h">
      <Filter>Header Files</Filter>
    </ClInclude>
    <ClInclude Include="..\czmq\src\foreign\sha1\sha1.h">
      <Filter>Header Files</Filter>
    </ClInclude>
    <ClInclude Include="..\czmq\src\foreign\slre\slre.h">
      <Filter>Header Files</Filter>
    </ClInclude>
  </ItemGroup>
  <ItemGroup>
    <ResourceCompile Include="..\czmq\builds\msvc\resource.rc">
      <Filter>Resource Files</Filter>
    </ResourceCompile>
  </ItemGroup>
  <ItemGroup>
    <None Include="..\czmq\src\zgossip_engine.inc">
      <Filter>Header Files</Filter>
    </None>
    <None Include="..\czmq\src\zhash_primes.inc">
      <Filter>Header Files</Filter>
    </None>
    <None Include="..\czmq\src\zsock_option.inc">
      <Filter>Header Files</Filter>
    </None>
    <None Include="..\czmq\src\foreign\sha1\sha1.inc_c" />
    <None Include="..\czmq\src\foreign\slre\slre.inc_c" />
  </ItemGroup>
  <ItemGroup>
    <ClCompile Include="..\czmq\src\czmq_private_selftest.c">
      <Filter>Source Files</Filter>
    </ClCompile>
    <ClCompile Include="..\czmq\src\zgossip_msg.c">
      <Filter>Source Files</Filter>
    </ClCompile>
    <ClCompile Include="..\czmq\src\zproxy.c">
      <Filter>Source Files</Filter>
    </ClCompile>
    <ClCompile Include="..\czmq\src\zrex.c">
      <Filter>Source Files</Filter>
    </ClCompile>
    <ClCompile Include="..\czmq\src\zgossip.c">
      <Filter>Source Files</Filter>
    </ClCompile>
    <ClCompile Include="..\czmq\src\zmonitor.c">
      <Filter>Source Files</Filter>
    </ClCompile>
    <ClCompile Include="..\czmq\src\zauth.c">
      <Filter>Source Files</Filter>
    </ClCompile>
    <ClCompile Include="..\czmq\src\zbeacon.c">
      <Filter>Source Files</Filter>
    </ClCompile>
    <ClCompile Include="..\czmq\src\zhttp_client.c">
      <Filter>Source Files</Filter>
    </ClCompile>
    <ClCompile Include="..\czmq\src\zuuid.c">
      <Filter>Source Files</Filter>
    </ClCompile>
    <ClCompile Include="..\czmq\src\ztimerset.c">
      <Filter>Source Files</Filter>
    </ClCompile>
    <ClCompile Include="..\czmq\src\ztrie.c">
      <Filter>Source Files</Filter>
    </ClCompile>
    <ClCompile Include="..\czmq\src\ziflist.c">
      <Filter>Source Files</Filter>
    </ClCompile>
    <ClCompile Include="..\czmq\src\zlist.c">
      <Filter>Source Files</Filter>
    </ClCompile>
    <ClCompile Include="..\czmq\src\zlistx.c">
      <Filter>Source Files</Filter>
    </ClCompile>
    <ClCompile Include="..\czmq\src\zloop.c">
      <Filter>Source Files</Filter>
    </ClCompile>
    <ClCompile Include="..\czmq\src\zmsg.c">
      <Filter>Source Files</Filter>
    </ClCompile>
    <ClCompile Include="..\czmq\src\zpoller.c">
      <Filter>Source Files</Filter>
    </ClCompile>
    <ClCompile Include="..\czmq\src\zproc.c">
      <Filter>Source Files</Filter>
    </ClCompile>
    <ClCompile Include="..\czmq\src\zsock.c">
      <Filter>Source Files</Filter>
    </ClCompile>
    <ClCompile Include="..\czmq\src\zsp.c">
      <Filter>Source Files</Filter>
    </ClCompile>
    <ClCompile Include="..\czmq\src\zstr.c">
      <Filter>Source Files</Filter>
    </ClCompile>
    <ClCompile Include="..\czmq\src\zsys.c">
      <Filter>Source Files</Filter>
    </ClCompile>
    <ClCompile Include="..\czmq\src\zactor.c">
      <Filter>Source Files</Filter>
    </ClCompile>
    <ClCompile Include="..\czmq\src\zargs.c">
      <Filter>Source Files</Filter>
    </ClCompile>
    <ClCompile Include="..\czmq\src\zarmour.c">
      <Filter>Source Files</Filter>
    </ClCompile>
    <ClCompile Include="..\czmq\src\zcert.c">
      <Filter>Source Files</Filter>
    </ClCompile>
    <ClCompile Include="..\czmq\src\zcertstore.c">
      <Filter>Source Files</Filter>
    </ClCompile>
    <ClCompile Include="..\czmq\src\zchunk.c">
      <Filter>Source Files</Filter>
    </ClCompile>
    <ClCompile Include="..\czmq\src\zclock.c">
      <Filter>Source Files</Filter>
    </ClCompile>
    <ClCompile Include="..\czmq\src\zconfig.c">
      <Filter>Source Files</Filter>
    </ClCompile>
    <ClCompile Include="..\czmq\src\zdigest.c">
      <Filter>Source Files</Filter>
    </ClCompile>
    <ClCompile Include="..\czmq\src\zdir.c">
      <Filter>Source Files</Filter>
    </ClCompile>
    <ClCompile Include="..\czmq\src\zdir_patch.c">
      <Filter>Source Files</Filter>
    </ClCompile>
    <ClCompile Include="..\czmq\src\zfile.c">
      <Filter>Source Files</Filter>
    </ClCompile>
    <ClCompile Include="..\czmq\src\zframe.c">
      <Filter>Source Files</Filter>
    </ClCompile>
    <ClCompile Include="..\czmq\src\zhash.c">
      <Filter>Source Files</Filter>
    </ClCompile>
    <ClCompile Include="..\czmq\src\zhashx.c">
      <Filter>Source Files</Filter>
    </ClCompile>
  </ItemGroup>
</Project>